// !$*UTF8*$!
{
	archiveVersion = 1;
	classes = {
	};
	objectVersion = 50;
	objects = {

/* Begin PBXBuildFile section */
		92FCAF712501E9F900845A27 /* AppDelegate.swift in Sources */ = {isa = PBXBuildFile; fileRef = 92FCAF702501E9F900845A27 /* AppDelegate.swift */; };
		92FCAF732501E9F900845A27 /* SceneDelegate.swift in Sources */ = {isa = PBXBuildFile; fileRef = 92FCAF722501E9F900845A27 /* SceneDelegate.swift */; };
		92FCAF752501E9F900845A27 /* ViewController.swift in Sources */ = {isa = PBXBuildFile; fileRef = 92FCAF742501E9F900845A27 /* ViewController.swift */; };
		92FCAF782501E9F900845A27 /* Main.storyboard in Resources */ = {isa = PBXBuildFile; fileRef = 92FCAF762501E9F900845A27 /* Main.storyboard */; };
		92FCAF7A2501E9FB00845A27 /* Assets.xcassets in Resources */ = {isa = PBXBuildFile; fileRef = 92FCAF792501E9FB00845A27 /* Assets.xcassets */; };
		92FCAF7D2501E9FB00845A27 /* LaunchScreen.storyboard in Resources */ = {isa = PBXBuildFile; fileRef = 92FCAF7B2501E9FB00845A27 /* LaunchScreen.storyboard */; };
		92FCAF882501E9FB00845A27 /* Tip_CalculatorTests.swift in Sources */ = {isa = PBXBuildFile; fileRef = 92FCAF872501E9FB00845A27 /* Tip_CalculatorTests.swift */; };
		92FCAF932501E9FB00845A27 /* Tip_CalculatorUITests.swift in Sources */ = {isa = PBXBuildFile; fileRef = 92FCAF922501E9FB00845A27 /* Tip_CalculatorUITests.swift */; };
/* End PBXBuildFile section */

/* Begin PBXContainerItemProxy section */
		92FCAF842501E9FB00845A27 /* PBXContainerItemProxy */ = {
			isa = PBXContainerItemProxy;
			containerPortal = 92FCAF652501E9F900845A27 /* Project object */;
			proxyType = 1;
			remoteGlobalIDString = 92FCAF6C2501E9F900845A27;
			remoteInfo = Tip_Calculator;
		};
		92FCAF8F2501E9FB00845A27 /* PBXContainerItemProxy */ = {
			isa = PBXContainerItemProxy;
			containerPortal = 92FCAF652501E9F900845A27 /* Project object */;
			proxyType = 1;
			remoteGlobalIDString = 92FCAF6C2501E9F900845A27;
			remoteInfo = Tip_Calculator;
		};
/* End PBXContainerItemProxy section */

/* Begin PBXFileReference section */
		92FCAF6D2501E9F900845A27 /* Tip_Calculator.app */ = {isa = PBXFileReference; explicitFileType = wrapper.application; includeInIndex = 0; path = Tip_Calculator.app; sourceTree = BUILT_PRODUCTS_DIR; };
		92FCAF702501E9F900845A27 /* AppDelegate.swift */ = {isa = PBXFileReference; lastKnownFileType = sourcecode.swift; path = AppDelegate.swift; sourceTree = "<group>"; };
		92FCAF722501E9F900845A27 /* SceneDelegate.swift */ = {isa = PBXFileReference; lastKnownFileType = sourcecode.swift; path = SceneDelegate.swift; sourceTree = "<group>"; };
		92FCAF742501E9F900845A27 /* ViewController.swift */ = {isa = PBXFileReference; lastKnownFileType = sourcecode.swift; path = ViewController.swift; sourceTree = "<group>"; };
		92FCAF772501E9F900845A27 /* Base */ = {isa = PBXFileReference; lastKnownFileType = file.storyboard; name = Base; path = Base.lproj/Main.storyboard; sourceTree = "<group>"; };
		92FCAF792501E9FB00845A27 /* Assets.xcassets */ = {isa = PBXFileReference; lastKnownFileType = folder.assetcatalog; path = Assets.xcassets; sourceTree = "<group>"; };
		92FCAF7C2501E9FB00845A27 /* Base */ = {isa = PBXFileReference; lastKnownFileType = file.storyboard; name = Base; path = Base.lproj/LaunchScreen.storyboard; sourceTree = "<group>"; };
		92FCAF7E2501E9FB00845A27 /* Info.plist */ = {isa = PBXFileReference; lastKnownFileType = text.plist.xml; path = Info.plist; sourceTree = "<group>"; };
		92FCAF832501E9FB00845A27 /* Tip_CalculatorTests.xctest */ = {isa = PBXFileReference; explicitFileType = wrapper.cfbundle; includeInIndex = 0; path = Tip_CalculatorTests.xctest; sourceTree = BUILT_PRODUCTS_DIR; };
		92FCAF872501E9FB00845A27 /* Tip_CalculatorTests.swift */ = {isa = PBXFileReference; lastKnownFileType = sourcecode.swift; path = Tip_CalculatorTests.swift; sourceTree = "<group>"; };
		92FCAF892501E9FB00845A27 /* Info.plist */ = {isa = PBXFileReference; lastKnownFileType = text.plist.xml; path = Info.plist; sourceTree = "<group>"; };
		92FCAF8E2501E9FB00845A27 /* Tip_CalculatorUITests.xctest */ = {isa = PBXFileReference; explicitFileType = wrapper.cfbundle; includeInIndex = 0; path = Tip_CalculatorUITests.xctest; sourceTree = BUILT_PRODUCTS_DIR; };
		92FCAF922501E9FB00845A27 /* Tip_CalculatorUITests.swift */ = {isa = PBXFileReference; lastKnownFileType = sourcecode.swift; path = Tip_CalculatorUITests.swift; sourceTree = "<group>"; };
		92FCAF942501E9FB00845A27 /* Info.plist */ = {isa = PBXFileReference; lastKnownFileType = text.plist.xml; path = Info.plist; sourceTree = "<group>"; };
/* End PBXFileReference section */

/* Begin PBXFrameworksBuildPhase section */
		92FCAF6A2501E9F900845A27 /* Frameworks */ = {
			isa = PBXFrameworksBuildPhase;
			buildActionMask = 2147483647;
			files = (
			);
			runOnlyForDeploymentPostprocessing = 0;
		};
		92FCAF802501E9FB00845A27 /* Frameworks */ = {
			isa = PBXFrameworksBuildPhase;
			buildActionMask = 2147483647;
			files = (
			);
			runOnlyForDeploymentPostprocessing = 0;
		};
		92FCAF8B2501E9FB00845A27 /* Frameworks */ = {
			isa = PBXFrameworksBuildPhase;
			buildActionMask = 2147483647;
			files = (
			);
			runOnlyForDeploymentPostprocessing = 0;
		};
/* End PBXFrameworksBuildPhase section */

/* Begin PBXGroup section */
		92FCAF642501E9F900845A27 = {
			isa = PBXGroup;
			children = (
				92FCAF6F2501E9F900845A27 /* Tip_Calculator */,
				92FCAF862501E9FB00845A27 /* Tip_CalculatorTests */,
				92FCAF912501E9FB00845A27 /* Tip_CalculatorUITests */,
				92FCAF6E2501E9F900845A27 /* Products */,
			);
			sourceTree = "<group>";
		};
		92FCAF6E2501E9F900845A27 /* Products */ = {
			isa = PBXGroup;
			children = (
				92FCAF6D2501E9F900845A27 /* Tip_Calculator.app */,
				92FCAF832501E9FB00845A27 /* Tip_CalculatorTests.xctest */,
				92FCAF8E2501E9FB00845A27 /* Tip_CalculatorUITests.xctest */,
			);
			name = Products;
			sourceTree = "<group>";
		};
		92FCAF6F2501E9F900845A27 /* Tip_Calculator */ = {
			isa = PBXGroup;
			children = (
				92FCAF702501E9F900845A27 /* AppDelegate.swift */,
				92FCAF722501E9F900845A27 /* SceneDelegate.swift */,
				92FCAF742501E9F900845A27 /* ViewController.swift */,
				92FCAF762501E9F900845A27 /* Main.storyboard */,
				92FCAF792501E9FB00845A27 /* Assets.xcassets */,
				92FCAF7B2501E9FB00845A27 /* LaunchScreen.storyboard */,
				92FCAF7E2501E9FB00845A27 /* Info.plist */,
			);
			path = Tip_Calculator;
			sourceTree = "<group>";
		};
		92FCAF862501E9FB00845A27 /* Tip_CalculatorTests */ = {
			isa = PBXGroup;
			children = (
				92FCAF872501E9FB00845A27 /* Tip_CalculatorTests.swift */,
				92FCAF892501E9FB00845A27 /* Info.plist */,
			);
			path = Tip_CalculatorTests;
			sourceTree = "<group>";
		};
		92FCAF912501E9FB00845A27 /* Tip_CalculatorUITests */ = {
			isa = PBXGroup;
			children = (
				92FCAF922501E9FB00845A27 /* Tip_CalculatorUITests.swift */,
				92FCAF942501E9FB00845A27 /* Info.plist */,
			);
			path = Tip_CalculatorUITests;
			sourceTree = "<group>";
		};
/* End PBXGroup section */

/* Begin PBXNativeTarget section */
		92FCAF6C2501E9F900845A27 /* Tip_Calculator */ = {
			isa = PBXNativeTarget;
			buildConfigurationList = 92FCAF972501E9FB00845A27 /* Build configuration list for PBXNativeTarget "Tip_Calculator" */;
			buildPhases = (
				92FCAF692501E9F900845A27 /* Sources */,
				92FCAF6A2501E9F900845A27 /* Frameworks */,
				92FCAF6B2501E9F900845A27 /* Resources */,
			);
			buildRules = (
			);
			dependencies = (
			);
			name = Tip_Calculator;
			productName = Tip_Calculator;
			productReference = 92FCAF6D2501E9F900845A27 /* Tip_Calculator.app */;
			productType = "com.apple.product-type.application";
		};
		92FCAF822501E9FB00845A27 /* Tip_CalculatorTests */ = {
			isa = PBXNativeTarget;
			buildConfigurationList = 92FCAF9A2501E9FB00845A27 /* Build configuration list for PBXNativeTarget "Tip_CalculatorTests" */;
			buildPhases = (
				92FCAF7F2501E9FB00845A27 /* Sources */,
				92FCAF802501E9FB00845A27 /* Frameworks */,
				92FCAF812501E9FB00845A27 /* Resources */,
			);
			buildRules = (
			);
			dependencies = (
				92FCAF852501E9FB00845A27 /* PBXTargetDependency */,
			);
			name = Tip_CalculatorTests;
			productName = Tip_CalculatorTests;
			productReference = 92FCAF832501E9FB00845A27 /* Tip_CalculatorTests.xctest */;
			productType = "com.apple.product-type.bundle.unit-test";
		};
		92FCAF8D2501E9FB00845A27 /* Tip_CalculatorUITests */ = {
			isa = PBXNativeTarget;
			buildConfigurationList = 92FCAF9D2501E9FB00845A27 /* Build configuration list for PBXNativeTarget "Tip_CalculatorUITests" */;
			buildPhases = (
				92FCAF8A2501E9FB00845A27 /* Sources */,
				92FCAF8B2501E9FB00845A27 /* Frameworks */,
				92FCAF8C2501E9FB00845A27 /* Resources */,
			);
			buildRules = (
			);
			dependencies = (
				92FCAF902501E9FB00845A27 /* PBXTargetDependency */,
			);
			name = Tip_CalculatorUITests;
			productName = Tip_CalculatorUITests;
			productReference = 92FCAF8E2501E9FB00845A27 /* Tip_CalculatorUITests.xctest */;
			productType = "com.apple.product-type.bundle.ui-testing";
		};
/* End PBXNativeTarget section */

/* Begin PBXProject section */
		92FCAF652501E9F900845A27 /* Project object */ = {
			isa = PBXProject;
			attributes = {
				LastSwiftUpdateCheck = 1170;
				LastUpgradeCheck = 1170;
				ORGANIZATIONNAME = Codepath;
				TargetAttributes = {
					92FCAF6C2501E9F900845A27 = {
						CreatedOnToolsVersion = 11.7;
					};
					92FCAF822501E9FB00845A27 = {
						CreatedOnToolsVersion = 11.7;
						TestTargetID = 92FCAF6C2501E9F900845A27;
					};
					92FCAF8D2501E9FB00845A27 = {
						CreatedOnToolsVersion = 11.7;
						TestTargetID = 92FCAF6C2501E9F900845A27;
					};
				};
			};
			buildConfigurationList = 92FCAF682501E9F900845A27 /* Build configuration list for PBXProject "Tip_Calculator" */;
			compatibilityVersion = "Xcode 9.3";
			developmentRegion = en;
			hasScannedForEncodings = 0;
			knownRegions = (
				en,
				Base,
			);
			mainGroup = 92FCAF642501E9F900845A27;
			productRefGroup = 92FCAF6E2501E9F900845A27 /* Products */;
			projectDirPath = "";
			projectRoot = "";
			targets = (
				92FCAF6C2501E9F900845A27 /* Tip_Calculator */,
				92FCAF822501E9FB00845A27 /* Tip_CalculatorTests */,
				92FCAF8D2501E9FB00845A27 /* Tip_CalculatorUITests */,
			);
		};
/* End PBXProject section */

/* Begin PBXResourcesBuildPhase section */
		92FCAF6B2501E9F900845A27 /* Resources */ = {
			isa = PBXResourcesBuildPhase;
			buildActionMask = 2147483647;
			files = (
				92FCAF7D2501E9FB00845A27 /* LaunchScreen.storyboard in Resources */,
				92FCAF7A2501E9FB00845A27 /* Assets.xcassets in Resources */,
				92FCAF782501E9F900845A27 /* Main.storyboard in Resources */,
			);
			runOnlyForDeploymentPostprocessing = 0;
		};
		92FCAF812501E9FB00845A27 /* Resources */ = {
			isa = PBXResourcesBuildPhase;
			buildActionMask = 2147483647;
			files = (
			);
			runOnlyForDeploymentPostprocessing = 0;
		};
		92FCAF8C2501E9FB00845A27 /* Resources */ = {
			isa = PBXResourcesBuildPhase;
			buildActionMask = 2147483647;
			files = (
			);
			runOnlyForDeploymentPostprocessing = 0;
		};
/* End PBXResourcesBuildPhase section */

/* Begin PBXSourcesBuildPhase section */
		92FCAF692501E9F900845A27 /* Sources */ = {
			isa = PBXSourcesBuildPhase;
			buildActionMask = 2147483647;
			files = (
				92FCAF752501E9F900845A27 /* ViewController.swift in Sources */,
				92FCAF712501E9F900845A27 /* AppDelegate.swift in Sources */,
				92FCAF732501E9F900845A27 /* SceneDelegate.swift in Sources */,
			);
			runOnlyForDeploymentPostprocessing = 0;
		};
		92FCAF7F2501E9FB00845A27 /* Sources */ = {
			isa = PBXSourcesBuildPhase;
			buildActionMask = 2147483647;
			files = (
				92FCAF882501E9FB00845A27 /* Tip_CalculatorTests.swift in Sources */,
			);
			runOnlyForDeploymentPostprocessing = 0;
		};
		92FCAF8A2501E9FB00845A27 /* Sources */ = {
			isa = PBXSourcesBuildPhase;
			buildActionMask = 2147483647;
			files = (
				92FCAF932501E9FB00845A27 /* Tip_CalculatorUITests.swift in Sources */,
			);
			runOnlyForDeploymentPostprocessing = 0;
		};
/* End PBXSourcesBuildPhase section */

/* Begin PBXTargetDependency section */
		92FCAF852501E9FB00845A27 /* PBXTargetDependency */ = {
			isa = PBXTargetDependency;
			target = 92FCAF6C2501E9F900845A27 /* Tip_Calculator */;
			targetProxy = 92FCAF842501E9FB00845A27 /* PBXContainerItemProxy */;
		};
		92FCAF902501E9FB00845A27 /* PBXTargetDependency */ = {
			isa = PBXTargetDependency;
			target = 92FCAF6C2501E9F900845A27 /* Tip_Calculator */;
			targetProxy = 92FCAF8F2501E9FB00845A27 /* PBXContainerItemProxy */;
		};
/* End PBXTargetDependency section */

/* Begin PBXVariantGroup section */
		92FCAF762501E9F900845A27 /* Main.storyboard */ = {
			isa = PBXVariantGroup;
			children = (
				92FCAF772501E9F900845A27 /* Base */,
			);
			name = Main.storyboard;
			sourceTree = "<group>";
		};
		92FCAF7B2501E9FB00845A27 /* LaunchScreen.storyboard */ = {
			isa = PBXVariantGroup;
			children = (
				92FCAF7C2501E9FB00845A27 /* Base */,
			);
			name = LaunchScreen.storyboard;
			sourceTree = "<group>";
		};
/* End PBXVariantGroup section */

/* Begin XCBuildConfiguration section */
		92FCAF952501E9FB00845A27 /* Debug */ = {
			isa = XCBuildConfiguration;
			buildSettings = {
				ALWAYS_SEARCH_USER_PATHS = NO;
				CLANG_ANALYZER_NONNULL = YES;
				CLANG_ANALYZER_NUMBER_OBJECT_CONVERSION = YES_AGGRESSIVE;
				CLANG_CXX_LANGUAGE_STANDARD = "gnu++14";
				CLANG_CXX_LIBRARY = "libc++";
				CLANG_ENABLE_MODULES = YES;
				CLANG_ENABLE_OBJC_ARC = YES;
				CLANG_ENABLE_OBJC_WEAK = YES;
				CLANG_WARN_BLOCK_CAPTURE_AUTORELEASING = YES;
				CLANG_WARN_BOOL_CONVERSION = YES;
				CLANG_WARN_COMMA = YES;
				CLANG_WARN_CONSTANT_CONVERSION = YES;
				CLANG_WARN_DEPRECATED_OBJC_IMPLEMENTATIONS = YES;
				CLANG_WARN_DIRECT_OBJC_ISA_USAGE = YES_ERROR;
				CLANG_WARN_DOCUMENTATION_COMMENTS = YES;
				CLANG_WARN_EMPTY_BODY = YES;
				CLANG_WARN_ENUM_CONVERSION = YES;
				CLANG_WARN_INFINITE_RECURSION = YES;
				CLANG_WARN_INT_CONVERSION = YES;
				CLANG_WARN_NON_LITERAL_NULL_CONVERSION = YES;
				CLANG_WARN_OBJC_IMPLICIT_RETAIN_SELF = YES;
				CLANG_WARN_OBJC_LITERAL_CONVERSION = YES;
				CLANG_WARN_OBJC_ROOT_CLASS = YES_ERROR;
				CLANG_WARN_RANGE_LOOP_ANALYSIS = YES;
				CLANG_WARN_STRICT_PROTOTYPES = YES;
				CLANG_WARN_SUSPICIOUS_MOVE = YES;
				CLANG_WARN_UNGUARDED_AVAILABILITY = YES_AGGRESSIVE;
				CLANG_WARN_UNREACHABLE_CODE = YES;
				CLANG_WARN__DUPLICATE_METHOD_MATCH = YES;
				COPY_PHASE_STRIP = NO;
				DEBUG_INFORMATION_FORMAT = dwarf;
				ENABLE_STRICT_OBJC_MSGSEND = YES;
				ENABLE_TESTABILITY = YES;
				GCC_C_LANGUAGE_STANDARD = gnu11;
				GCC_DYNAMIC_NO_PIC = NO;
				GCC_NO_COMMON_BLOCKS = YES;
				GCC_OPTIMIZATION_LEVEL = 0;
				GCC_PREPROCESSOR_DEFINITIONS = (
					"DEBUG=1",
					"$(inherited)",
				);
				GCC_WARN_64_TO_32_BIT_CONVERSION = YES;
				GCC_WARN_ABOUT_RETURN_TYPE = YES_ERROR;
				GCC_WARN_UNDECLARED_SELECTOR = YES;
				GCC_WARN_UNINITIALIZED_AUTOS = YES_AGGRESSIVE;
				GCC_WARN_UNUSED_FUNCTION = YES;
				GCC_WARN_UNUSED_VARIABLE = YES;
				IPHONEOS_DEPLOYMENT_TARGET = 13.7;
				MTL_ENABLE_DEBUG_INFO = INCLUDE_SOURCE;
				MTL_FAST_MATH = YES;
				ONLY_ACTIVE_ARCH = YES;
				SDKROOT = iphoneos;
				SWIFT_ACTIVE_COMPILATION_CONDITIONS = DEBUG;
				SWIFT_OPTIMIZATION_LEVEL = "-Onone";
			};
			name = Debug;
		};
		92FCAF962501E9FB00845A27 /* Release */ = {
			isa = XCBuildConfiguration;
			buildSettings = {
				ALWAYS_SEARCH_USER_PATHS = NO;
				CLANG_ANALYZER_NONNULL = YES;
				CLANG_ANALYZER_NUMBER_OBJECT_CONVERSION = YES_AGGRESSIVE;
				CLANG_CXX_LANGUAGE_STANDARD = "gnu++14";
				CLANG_CXX_LIBRARY = "libc++";
				CLANG_ENABLE_MODULES = YES;
				CLANG_ENABLE_OBJC_ARC = YES;
				CLANG_ENABLE_OBJC_WEAK = YES;
				CLANG_WARN_BLOCK_CAPTURE_AUTORELEASING = YES;
				CLANG_WARN_BOOL_CONVERSION = YES;
				CLANG_WARN_COMMA = YES;
				CLANG_WARN_CONSTANT_CONVERSION = YES;
				CLANG_WARN_DEPRECATED_OBJC_IMPLEMENTATIONS = YES;
				CLANG_WARN_DIRECT_OBJC_ISA_USAGE = YES_ERROR;
				CLANG_WARN_DOCUMENTATION_COMMENTS = YES;
				CLANG_WARN_EMPTY_BODY = YES;
				CLANG_WARN_ENUM_CONVERSION = YES;
				CLANG_WARN_INFINITE_RECURSION = YES;
				CLANG_WARN_INT_CONVERSION = YES;
				CLANG_WARN_NON_LITERAL_NULL_CONVERSION = YES;
				CLANG_WARN_OBJC_IMPLICIT_RETAIN_SELF = YES;
				CLANG_WARN_OBJC_LITERAL_CONVERSION = YES;
				CLANG_WARN_OBJC_ROOT_CLASS = YES_ERROR;
				CLANG_WARN_RANGE_LOOP_ANALYSIS = YES;
				CLANG_WARN_STRICT_PROTOTYPES = YES;
				CLANG_WARN_SUSPICIOUS_MOVE = YES;
				CLANG_WARN_UNGUARDED_AVAILABILITY = YES_AGGRESSIVE;
				CLANG_WARN_UNREACHABLE_CODE = YES;
				CLANG_WARN__DUPLICATE_METHOD_MATCH = YES;
				COPY_PHASE_STRIP = NO;
				DEBUG_INFORMATION_FORMAT = "dwarf-with-dsym";
				ENABLE_NS_ASSERTIONS = NO;
				ENABLE_STRICT_OBJC_MSGSEND = YES;
				GCC_C_LANGUAGE_STANDARD = gnu11;
				GCC_NO_COMMON_BLOCKS = YES;
				GCC_WARN_64_TO_32_BIT_CONVERSION = YES;
				GCC_WARN_ABOUT_RETURN_TYPE = YES_ERROR;
				GCC_WARN_UNDECLARED_SELECTOR = YES;
				GCC_WARN_UNINITIALIZED_AUTOS = YES_AGGRESSIVE;
				GCC_WARN_UNUSED_FUNCTION = YES;
				GCC_WARN_UNUSED_VARIABLE = YES;
				IPHONEOS_DEPLOYMENT_TARGET = 13.7;
				MTL_ENABLE_DEBUG_INFO = NO;
				MTL_FAST_MATH = YES;
				SDKROOT = iphoneos;
				SWIFT_COMPILATION_MODE = wholemodule;
				SWIFT_OPTIMIZATION_LEVEL = "-O";
				VALIDATE_PRODUCT = YES;
			};
			name = Release;
		};
		92FCAF982501E9FB00845A27 /* Debug */ = {
			isa = XCBuildConfiguration;
			buildSettings = {
				ASSETCATALOG_COMPILER_APPICON_NAME = AppIcon;
				CODE_SIGN_STYLE = Automatic;
				INFOPLIST_FILE = Tip_Calculator/Info.plist;
				LD_RUNPATH_SEARCH_PATHS = (
					"$(inherited)",
					"@executable_path/Frameworks",
				);
				PRODUCT_BUNDLE_IDENTIFIER = "Codepath.Tip-Calculator";
				PRODUCT_NAME = "$(TARGET_NAME)";
				SWIFT_VERSION = 5.0;
				TARGETED_DEVICE_FAMILY = "1,2";
			};
			name = Debug;
		};
		92FCAF992501E9FB00845A27 /* Release */ = {
			isa = XCBuildConfiguration;
			buildSettings = {
				ASSETCATALOG_COMPILER_APPICON_NAME = AppIcon;
				CODE_SIGN_STYLE = Automatic;
				INFOPLIST_FILE = Tip_Calculator/Info.plist;
				LD_RUNPATH_SEARCH_PATHS = (
					"$(inherited)",
					"@executable_path/Frameworks",
				);
				PRODUCT_BUNDLE_IDENTIFIER = "Codepath.Tip-Calculator";
				PRODUCT_NAME = "$(TARGET_NAME)";
				SWIFT_VERSION = 5.0;
				TARGETED_DEVICE_FAMILY = "1,2";
			};
			name = Release;
		};
		92FCAF9B2501E9FB00845A27 /* Debug */ = {
			isa = XCBuildConfiguration;
			buildSettings = {
				ALWAYS_EMBED_SWIFT_STANDARD_LIBRARIES = YES;
				BUNDLE_LOADER = "$(TEST_HOST)";
				CODE_SIGN_STYLE = Automatic;
				INFOPLIST_FILE = Tip_CalculatorTests/Info.plist;
				IPHONEOS_DEPLOYMENT_TARGET = 13.7;
				LD_RUNPATH_SEARCH_PATHS = (
					"$(inherited)",
					"@executable_path/Frameworks",
					"@loader_path/Frameworks",
				);
				PRODUCT_BUNDLE_IDENTIFIER = "Codepath.Tip-CalculatorTests";
				PRODUCT_NAME = "$(TARGET_NAME)";
				SWIFT_VERSION = 5.0;
				TARGETED_DEVICE_FAMILY = "1,2";
				TEST_HOST = "$(BUILT_PRODUCTS_DIR)/Tip_Calculator.app/Tip_Calculator";
			};
			name = Debug;
		};
		92FCAF9C2501E9FB00845A27 /* Release */ = {
			isa = XCBuildConfiguration;
			buildSettings = {
				ALWAYS_EMBED_SWIFT_STANDARD_LIBRARIES = YES;
				BUNDLE_LOADER = "$(TEST_HOST)";
				CODE_SIGN_STYLE = Automatic;
				INFOPLIST_FILE = Tip_CalculatorTests/Info.plist;
				IPHONEOS_DEPLOYMENT_TARGET = 13.7;
				LD_RUNPATH_SEARCH_PATHS = (
					"$(inherited)",
					"@executable_path/Frameworks",
					"@loader_path/Frameworks",
				);
				PRODUCT_BUNDLE_IDENTIFIER = "Codepath.Tip-CalculatorTests";
				PRODUCT_NAME = "$(TARGET_NAME)";
				SWIFT_VERSION = 5.0;
				TARGETED_DEVICE_FAMILY = "1,2";
				TEST_HOST = "$(BUILT_PRODUCTS_DIR)/Tip_Calculator.app/Tip_Calculator";
			};
			name = Release;
		};
		92FCAF9E2501E9FB00845A27 /* Debug */ = {
			isa = XCBuildConfiguration;
			buildSettings = {
				ALWAYS_EMBED_SWIFT_STANDARD_LIBRARIES = YES;
				CODE_SIGN_STYLE = Automatic;
				INFOPLIST_FILE = Tip_CalculatorUITests/Info.plist;
				LD_RUNPATH_SEARCH_PATHS = (
					"$(inherited)",
					"@executable_path/Frameworks",
					"@loader_path/Frameworks",
				);
				PRODUCT_BUNDLE_IDENTIFIER = "Codepath.Tip-CalculatorUITests";
				PRODUCT_NAME = "$(TARGET_NAME)";
				SWIFT_VERSION = 5.0;
				TARGETED_DEVICE_FAMILY = "1,2";
				TEST_TARGET_NAME = Tip_Calculator;
			};
			name = Debug;
		};
		92FCAF9F2501E9FB00845A27 /* Release */ = {
			isa = XCBuildConfiguration;
			buildSettings = {
				ALWAYS_EMBED_SWIFT_STANDARD_LIBRARIES = YES;
				CODE_SIGN_STYLE = Automatic;
				INFOPLIST_FILE = Tip_CalculatorUITests/Info.plist;
				LD_RUNPATH_SEARCH_PATHS = (
					"$(inherited)",
					"@executable_path/Frameworks",
					"@loader_path/Frameworks",
				);
				PRODUCT_BUNDLE_IDENTIFIER = "Codepath.Tip-CalculatorUITests";
				PRODUCT_NAME = "$(TARGET_NAME)";
				SWIFT_VERSION = 5.0;
				TARGETED_DEVICE_FAMILY = "1,2";
				TEST_TARGET_NAME = Tip_Calculator;
			};
			name = Release;
		};
/* End XCBuildConfiguration section */

/* Begin XCConfigurationList section */
		92FCAF682501E9F900845A27 /* Build configuration list for PBXProject "Tip_Calculator" */ = {
			isa = XCConfigurationList;
			buildConfigurations = (
				92FCAF952501E9FB00845A27 /* Debug */,
				92FCAF962501E9FB00845A27 /* Release */,
			);
			defaultConfigurationIsVisible = 0;
			defaultConfigurationName = Release;
		};
		92FCAF972501E9FB00845A27 /* Build configuration list for PBXNativeTarget "Tip_Calculator" */ = {
			isa = XCConfigurationList;
			buildConfigurations = (
				92FCAF982501E9FB00845A27 /* Debug */,
				92FCAF992501E9FB00845A27 /* Release */,
			);
			defaultConfigurationIsVisible = 0;
			defaultConfigurationName = Release;
		};
		92FCAF9A2501E9FB00845A27 /* Build configuration list for PBXNativeTarget "Tip_CalculatorTests" */ = {
			isa = XCConfigurationList;
			buildConfigurations = (
				92FCAF9B2501E9FB00845A27 /* Debug */,
				92FCAF9C2501E9FB00845A27 /* Release */,
			);
			defaultConfigurationIsVisible = 0;
			defaultConfigurationName = Release;
		};
		92FCAF9D2501E9FB00845A27 /* Build configuration list for PBXNativeTarget "Tip_CalculatorUITests" */ = {
			isa = XCConfigurationList;
			buildConfigurations = (
				92FCAF9E2501E9FB00845A27 /* Debug */,
				92FCAF9F2501E9FB00845A27 /* Release */,
			);
			defaultConfigurationIsVisible = 0;
			defaultConfigurationName = Release;
		};
/* End XCConfigurationList section */
	};
	rootObject = 92FCAF652501E9F900845A27 /* Project object */;
}
